Microsoft Visual Studio Solution File, Format Version 12.00
# Visual Studio Version 16
VisualStudioVersion = 16.0.29009.5
MinimumVisualStudioVersion = 15.0.26124.0
Project("{2150E333-8FDC-42A3-9474-1A3956D46DE8}") = "src", "src", "{935F44F7-F7ED-464B-B388-334DD7C21D65}"
EndProject
Project("{9A19103F-16F7-4668-BE54-9A1E7A4F7556}") = "S3.Common", "src\S3.Common\S3.Common.csproj", "{3BF545D0-481A-4FAF-ACFA-68C099F59A0D}"
EndProject
Global
	GlobalSection(SolutionConfigurationPlatforms) = preSolution
		Debug|Any CPU = Debug|Any CPU
		Release|Any CPU = Release|Any CPU
	EndGlobalSection
	GlobalSection(ProjectConfigurationPlatforms) = postSolution
		{3BF545D0-481A-4FAF-ACFA-68C099F59A0D}.Debug|Any CPU.ActiveCfg = Debug|Any CPU
		{3BF545D0-481A-4FAF-ACFA-68C099F59A0D}.Debug|Any CPU.Build.0 = Debug|Any CPU
		{3BF545D0-481A-4FAF-ACFA-68C099F59A0D}.Release|Any CPU.ActiveCfg = Release|Any CPU
		{3BF545D0-481A-4FAF-ACFA-68C099F59A0D}.Release|Any CPU.Build.0 = Release|Any CPU
	EndGlobalSection
	GlobalSection(SolutionProperties) = preSolution
		HideSolutionNode = FALSE
	EndGlobalSection
	GlobalSection(NestedProjects) = preSolution
		{3BF545D0-481A-4FAF-ACFA-68C099F59A0D} = {935F44F7-F7ED-464B-B388-334DD7C21D65}
	EndGlobalSection
	GlobalSection(ExtensibilityGlobals) = postSolution
		SolutionGuid = {802CA7BB-23C4-41BD-9673-AE0DE170E68D}
	EndGlobalSection
EndGlobal
